// !$*UTF8*$!
{
	archiveVersion = 1;
	classes = {
	};
	objectVersion = 56;
	objects = {

/* Begin PBXBuildFile section */
		18EA65782B70CC7200806CAD /* Moonshoot_ios17App.swift in Sources */ = {isa = PBXBuildFile; fileRef = 18EA65772B70CC7200806CAD /* Moonshoot_ios17App.swift */; };
		18EA657C2B70CC7300806CAD /* Assets.xcassets in Resources */ = {isa = PBXBuildFile; fileRef = 18EA657B2B70CC7300806CAD /* Assets.xcassets */; };
		18EA657F2B70CC7300806CAD /* Preview Assets.xcassets in Resources */ = {isa = PBXBuildFile; fileRef = 18EA657E2B70CC7300806CAD /* Preview Assets.xcassets */; };
		18EA65862B70CD2500806CAD /* astronauts.json in Resources */ = {isa = PBXBuildFile; fileRef = 18EA65852B70CD2500806CAD /* astronauts.json */; };
		18EA65882B70CD2F00806CAD /* missions.json in Resources */ = {isa = PBXBuildFile; fileRef = 18EA65872B70CD2F00806CAD /* missions.json */; };
		18EA65952B70CDAE00806CAD /* ScrollableGrid.swift in Sources */ = {isa = PBXBuildFile; fileRef = 18EA65892B70CDAE00806CAD /* ScrollableGrid.swift */; };
		18EA65962B70CDAE00806CAD /* ResizingImages.swift in Sources */ = {isa = PBXBuildFile; fileRef = 18EA658A2B70CDAE00806CAD /* ResizingImages.swift */; };
		18EA65972B70CDAE00806CAD /* ContentView.swift in Sources */ = {isa = PBXBuildFile; fileRef = 18EA658B2B70CDAE00806CAD /* ContentView.swift */; };
		18EA65982B70CDAE00806CAD /* AstronautView.swift in Sources */ = {isa = PBXBuildFile; fileRef = 18EA658C2B70CDAE00806CAD /* AstronautView.swift */; };
		18EA65992B70CDAE00806CAD /* Color-Theme.swift in Sources */ = {isa = PBXBuildFile; fileRef = 18EA658D2B70CDAE00806CAD /* Color-Theme.swift */; };
		18EA659A2B70CDAE00806CAD /* Mission.swift in Sources */ = {isa = PBXBuildFile; fileRef = 18EA658E2B70CDAE00806CAD /* Mission.swift */; };
		18EA659B2B70CDAE00806CAD /* Astronaut.swift in Sources */ = {isa = PBXBuildFile; fileRef = 18EA658F2B70CDAE00806CAD /* Astronaut.swift */; };
		18EA659C2B70CDAE00806CAD /* MissionView.swift in Sources */ = {isa = PBXBuildFile; fileRef = 18EA65902B70CDAE00806CAD /* MissionView.swift */; };
		18EA659D2B70CDAE00806CAD /* NavigationLInkBasics.swift in Sources */ = {isa = PBXBuildFile; fileRef = 18EA65912B70CDAE00806CAD /* NavigationLInkBasics.swift */; };
		18EA659E2B70CDAE00806CAD /* CodableHierarchical.swift in Sources */ = {isa = PBXBuildFile; fileRef = 18EA65922B70CDAE00806CAD /* CodableHierarchical.swift */; };
		18EA659F2B70CDAE00806CAD /* Bundle-Decodable.swift in Sources */ = {isa = PBXBuildFile; fileRef = 18EA65932B70CDAE00806CAD /* Bundle-Decodable.swift */; };
		18EA65A02B70CDAE00806CAD /* ScrollViewBasics.swift in Sources */ = {isa = PBXBuildFile; fileRef = 18EA65942B70CDAE00806CAD /* ScrollViewBasics.swift */; };
/* End PBXBuildFile section */

/* Begin PBXFileReference section */
		18EA65742B70CC7200806CAD /* Moonshoot-ios17.app */ = {isa = PBXFileReference; explicitFileType = wrapper.application; includeInIndex = 0; path = "Moonshoot-ios17.app"; sourceTree = BUILT_PRODUCTS_DIR; };
		18EA65772B70CC7200806CAD /* Moonshoot_ios17App.swift */ = {isa = PBXFileReference; lastKnownFileType = sourcecode.swift; path = Moonshoot_ios17App.swift; sourceTree = "<group>"; };
		18EA657B2B70CC7300806CAD /* Assets.xcassets */ = {isa = PBXFileReference; lastKnownFileType = folder.assetcatalog; path = Assets.xcassets; sourceTree = "<group>"; };
		18EA657E2B70CC7300806CAD /* Preview Assets.xcassets */ = {isa = PBXFileReference; lastKnownFileType = folder.assetcatalog; path = "Preview Assets.xcassets"; sourceTree = "<group>"; };
		18EA65852B70CD2500806CAD /* astronauts.json */ = {isa = PBXFileReference; fileEncoding = 4; lastKnownFileType = text.json; path = astronauts.json; sourceTree = "<group>"; };
		18EA65872B70CD2F00806CAD /* missions.json */ = {isa = PBXFileReference; fileEncoding = 4; lastKnownFileType = text.json; path = missions.json; sourceTree = "<group>"; };
		18EA65892B70CDAE00806CAD /* ScrollableGrid.swift */ = {isa = PBXFileReference; fileEncoding = 4; lastKnownFileType = sourcecode.swift; path = ScrollableGrid.swift; sourceTree = "<group>"; };
		18EA658A2B70CDAE00806CAD /* ResizingImages.swift */ = {isa = PBXFileReference; fileEncoding = 4; lastKnownFileType = sourcecode.swift; path = ResizingImages.swift; sourceTree = "<group>"; };
		18EA658B2B70CDAE00806CAD /* ContentView.swift */ = {isa = PBXFileReference; fileEncoding = 4; lastKnownFileType = sourcecode.swift; path = ContentView.swift; sourceTree = "<group>"; };
		18EA658C2B70CDAE00806CAD /* AstronautView.swift */ = {isa = PBXFileReference; fileEncoding = 4; lastKnownFileType = sourcecode.swift; path = AstronautView.swift; sourceTree = "<group>"; };
		18EA658D2B70CDAE00806CAD /* Color-Theme.swift */ = {isa = PBXFileReference; fileEncoding = 4; lastKnownFileType = sourcecode.swift; path = "Color-Theme.swift"; sourceTree = "<group>"; };
		18EA658E2B70CDAE00806CAD /* Mission.swift */ = {isa = PBXFileReference; fileEncoding = 4; lastKnownFileType = sourcecode.swift; path = Mission.swift; sourceTree = "<group>"; };
		18EA658F2B70CDAE00806CAD /* Astronaut.swift */ = {isa = PBXFileReference; fileEncoding = 4; lastKnownFileType = sourcecode.swift; path = Astronaut.swift; sourceTree = "<group>"; };
		18EA65902B70CDAE00806CAD /* MissionView.swift */ = {isa = PBXFileReference; fileEncoding = 4; lastKnownFileType = sourcecode.swift; path = MissionView.swift; sourceTree = "<group>"; };
		18EA65912B70CDAE00806CAD /* NavigationLInkBasics.swift */ = {isa = PBXFileReference; fileEncoding = 4; lastKnownFileType = sourcecode.swift; path = NavigationLInkBasics.swift; sourceTree = "<group>"; };
		18EA65922B70CDAE00806CAD /* CodableHierarchical.swift */ = {isa = PBXFileReference; fileEncoding = 4; lastKnownFileType = sourcecode.swift; path = CodableHierarchical.swift; sourceTree = "<group>"; };
		18EA65932B70CDAE00806CAD /* Bundle-Decodable.swift */ = {isa = PBXFileReference; fileEncoding = 4; lastKnownFileType = sourcecode.swift; path = "Bundle-Decodable.swift"; sourceTree = "<group>"; };
		18EA65942B70CDAE00806CAD /* ScrollViewBasics.swift */ = {isa = PBXFileReference; fileEncoding = 4; lastKnownFileType = sourcecode.swift; path = ScrollViewBasics.swift; sourceTree = "<group>"; };
/* End PBXFileReference section */

/* Begin PBXFrameworksBuildPhase section */
		18EA65712B70CC7200806CAD /* Frameworks */ = {
			isa = PBXFrameworksBuildPhase;
			buildActionMask = 2147483647;
			files = (
			);
			runOnlyForDeploymentPostprocessing = 0;
		};
/* End PBXFrameworksBuildPhase section */

/* Begin PBXGroup section */
		18EA656B2B70CC7200806CAD = {
			isa = PBXGroup;
			children = (
				18EA65762B70CC7200806CAD /* Moonshoot-ios17 */,
				18EA65752B70CC7200806CAD /* Products */,
			);
			sourceTree = "<group>";
		};
		18EA65752B70CC7200806CAD /* Products */ = {
			isa = PBXGroup;
			children = (
				18EA65742B70CC7200806CAD /* Moonshoot-ios17.app */,
			);
			name = Products;
			sourceTree = "<group>";
		};
		18EA65762B70CC7200806CAD /* Moonshoot-ios17 */ = {
			isa = PBXGroup;
			children = (
				18EA65772B70CC7200806CAD /* Moonshoot_ios17App.swift */,
				18EA658B2B70CDAE00806CAD /* ContentView.swift */,
				18EA658C2B70CDAE00806CAD /* AstronautView.swift */,
				18EA65902B70CDAE00806CAD /* MissionView.swift */,
				18EA658F2B70CDAE00806CAD /* Astronaut.swift */,
				18EA658E2B70CDAE00806CAD /* Mission.swift */,
				18EA65932B70CDAE00806CAD /* Bundle-Decodable.swift */,
				18EA658D2B70CDAE00806CAD /* Color-Theme.swift */,
				18EA65852B70CD2500806CAD /* astronauts.json */,
				18EA65872B70CD2F00806CAD /* missions.json */,
				18EA658A2B70CDAE00806CAD /* ResizingImages.swift */,
				18EA65942B70CDAE00806CAD /* ScrollViewBasics.swift */,
				18EA65912B70CDAE00806CAD /* NavigationLInkBasics.swift */,
				18EA65922B70CDAE00806CAD /* CodableHierarchical.swift */,
				18EA65892B70CDAE00806CAD /* ScrollableGrid.swift */,
				18EA657B2B70CC7300806CAD /* Assets.xcassets */,
				18EA657D2B70CC7300806CAD /* Preview Content */,
			);
			path = "Moonshoot-ios17";
			sourceTree = "<group>";
		};
		18EA657D2B70CC7300806CAD /* Preview Content */ = {
			isa = PBXGroup;
			children = (
				18EA657E2B70CC7300806CAD /* Preview Assets.xcassets */,
			);
			path = "Preview Content";
			sourceTree = "<group>";
		};
/* End PBXGroup section */

/* Begin PBXNativeTarget section */
		18EA65732B70CC7200806CAD /* Moonshoot-ios17 */ = {
			isa = PBXNativeTarget;
			buildConfigurationList = 18EA65822B70CC7300806CAD /* Build configuration list for PBXNativeTarget "Moonshoot-ios17" */;
			buildPhases = (
				18EA65702B70CC7200806CAD /* Sources */,
				18EA65712B70CC7200806CAD /* Frameworks */,
				18EA65722B70CC7200806CAD /* Resources */,
			);
			buildRules = (
			);
			dependencies = (
			);
			name = "Moonshoot-ios17";
			productName = "Moonshoot-ios17";
			productReference = 18EA65742B70CC7200806CAD /* Moonshoot-ios17.app */;
			productType = "com.apple.product-type.application";
		};
/* End PBXNativeTarget section */

/* Begin PBXProject section */
		18EA656C2B70CC7200806CAD /* Project object */ = {
			isa = PBXProject;
			attributes = {
				BuildIndependentTargetsInParallel = 1;
				LastSwiftUpdateCheck = 1520;
				LastUpgradeCheck = 1520;
				TargetAttributes = {
					18EA65732B70CC7200806CAD = {
						CreatedOnToolsVersion = 15.2;
					};
				};
			};
			buildConfigurationList = 18EA656F2B70CC7200806CAD /* Build configuration list for PBXProject "Moonshoot-ios17" */;
			compatibilityVersion = "Xcode 14.0";
			developmentRegion = en;
			hasScannedForEncodings = 0;
			knownRegions = (
				en,
				Base,
			);
			mainGroup = 18EA656B2B70CC7200806CAD;
			productRefGroup = 18EA65752B70CC7200806CAD /* Products */;
			projectDirPath = "";
			projectRoot = "";
			targets = (
				18EA65732B70CC7200806CAD /* Moonshoot-ios17 */,
			);
		};
/* End PBXProject section */

/* Begin PBXResourcesBuildPhase section */
		18EA65722B70CC7200806CAD /* Resources */ = {
			isa = PBXResourcesBuildPhase;
			buildActionMask = 2147483647;
			files = (
				18EA65862B70CD2500806CAD /* astronauts.json in Resources */,
				18EA657F2B70CC7300806CAD /* Preview Assets.xcassets in Resources */,
				18EA65882B70CD2F00806CAD /* missions.json in Resources */,
				18EA657C2B70CC7300806CAD /* Assets.xcassets in Resources */,
			);
			runOnlyForDeploymentPostprocessing = 0;
		};
/* End PBXResourcesBuildPhase section */

/* Begin PBXSourcesBuildPhase section */
		18EA65702B70CC7200806CAD /* Sources */ = {
			isa = PBXSourcesBuildPhase;
			buildActionMask = 2147483647;
			files = (
				18EA65952B70CDAE00806CAD /* ScrollableGrid.swift in Sources */,
				18EA65992B70CDAE00806CAD /* Color-Theme.swift in Sources */,
				18EA659D2B70CDAE00806CAD /* NavigationLInkBasics.swift in Sources */,
				18EA65782B70CC7200806CAD /* Moonshoot_ios17App.swift in Sources */,
				18EA65A02B70CDAE00806CAD /* ScrollViewBasics.swift in Sources */,
				18EA659B2B70CDAE00806CAD /* Astronaut.swift in Sources */,
				18EA65972B70CDAE00806CAD /* ContentView.swift in Sources */,
				18EA659C2B70CDAE00806CAD /* MissionView.swift in Sources */,
				18EA65962B70CDAE00806CAD /* ResizingImages.swift in Sources */,
				18EA659E2B70CDAE00806CAD /* CodableHierarchical.swift in Sources */,
				18EA659A2B70CDAE00806CAD /* Mission.swift in Sources */,
				18EA65982B70CDAE00806CAD /* AstronautView.swift in Sources */,
				18EA659F2B70CDAE00806CAD /* Bundle-Decodable.swift in Sources */,
			);
			runOnlyForDeploymentPostprocessing = 0;
		};
/* End PBXSourcesBuildPhase section */

/* Begin XCBuildConfiguration section */
		18EA65802B70CC7300806CAD /* Debug */ = {
			isa = XCBuildConfiguration;
			buildSettings = {
				ALWAYS_SEARCH_USER_PATHS = NO;
				ASSETCATALOG_COMPILER_GENERATE_SWIFT_ASSET_SYMBOL_EXTENSIONS = YES;
				CLANG_ANALYZER_NONNULL = YES;
				CLANG_ANALYZER_NUMBER_OBJECT_CONVERSION = YES_AGGRESSIVE;
				CLANG_CXX_LANGUAGE_STANDARD = "gnu++20";
				CLANG_ENABLE_MODULES = YES;
				CLANG_ENABLE_OBJC_ARC = YES;
				CLANG_ENABLE_OBJC_WEAK = YES;
				CLANG_WARN_BLOCK_CAPTURE_AUTORELEASING = YES;
				CLANG_WARN_BOOL_CONVERSION = YES;
				CLANG_WARN_COMMA = YES;
				CLANG_WARN_CONSTANT_CONVERSION = YES;
				CLANG_WARN_DEPRECATED_OBJC_IMPLEMENTATIONS = YES;
				CLANG_WARN_DIRECT_OBJC_ISA_USAGE = YES_ERROR;
				CLANG_WARN_DOCUMENTATION_COMMENTS = YES;
				CLANG_WARN_EMPTY_BODY = YES;
				CLANG_WARN_ENUM_CONVERSION = YES;
				CLANG_WARN_INFINITE_RECURSION = YES;
				CLANG_WARN_INT_CONVERSION = YES;
				CLANG_WARN_NON_LITERAL_NULL_CONVERSION = YES;
				CLANG_WARN_OBJC_IMPLICIT_RETAIN_SELF = YES;
				CLANG_WARN_OBJC_LITERAL_CONVERSION = YES;
				CLANG_WARN_OBJC_ROOT_CLASS = YES_ERROR;
				CLANG_WARN_QUOTED_INCLUDE_IN_FRAMEWORK_HEADER = YES;
				CLANG_WARN_RANGE_LOOP_ANALYSIS = YES;
				CLANG_WARN_STRICT_PROTOTYPES = YES;
				CLANG_WARN_SUSPICIOUS_MOVE = YES;
				CLANG_WARN_UNGUARDED_AVAILABILITY = YES_AGGRESSIVE;
				CLANG_WARN_UNREACHABLE_CODE = YES;
				CLANG_WARN__DUPLICATE_METHOD_MATCH = YES;
				COPY_PHASE_STRIP = NO;
				DEBUG_INFORMATION_FORMAT = dwarf;
				ENABLE_STRICT_OBJC_MSGSEND = YES;
				ENABLE_TESTABILITY = YES;
				ENABLE_USER_SCRIPT_SANDBOXING = YES;
				GCC_C_LANGUAGE_STANDARD = gnu17;
				GCC_DYNAMIC_NO_PIC = NO;
				GCC_NO_COMMON_BLOCKS = YES;
				GCC_OPTIMIZATION_LEVEL = 0;
				GCC_PREPROCESSOR_DEFINITIONS = (
					"DEBUG=1",
					"$(inherited)",
				);
				GCC_WARN_64_TO_32_BIT_CONVERSION = YES;
				GCC_WARN_ABOUT_RETURN_TYPE = YES_ERROR;
				GCC_WARN_UNDECLARED_SELECTOR = YES;
				GCC_WARN_UNINITIALIZED_AUTOS = YES_AGGRESSIVE;
				GCC_WARN_UNUSED_FUNCTION = YES;
				GCC_WARN_UNUSED_VARIABLE = YES;
				IPHONEOS_DEPLOYMENT_TARGET = 17.2;
				LOCALIZATION_PREFERS_STRING_CATALOGS = YES;
				MTL_ENABLE_DEBUG_INFO = INCLUDE_SOURCE;
				MTL_FAST_MATH = YES;
				ONLY_ACTIVE_ARCH = YES;
				SDKROOT = iphoneos;
				SWIFT_ACTIVE_COMPILATION_CONDITIONS = "DEBUG $(inherited)";
				SWIFT_OPTIMIZATION_LEVEL = "-Onone";
			};
			name = Debug;
		};
		18EA65812B70CC7300806CAD /* Release */ = {
			isa = XCBuildConfiguration;
			buildSettings = {
				ALWAYS_SEARCH_USER_PATHS = NO;
				ASSETCATALOG_COMPILER_GENERATE_SWIFT_ASSET_SYMBOL_EXTENSIONS = YES;
				CLANG_ANALYZER_NONNULL = YES;
				CLANG_ANALYZER_NUMBER_OBJECT_CONVERSION = YES_AGGRESSIVE;
				CLANG_CXX_LANGUAGE_STANDARD = "gnu++20";
				CLANG_ENABLE_MODULES = YES;
				CLANG_ENABLE_OBJC_ARC = YES;
				CLANG_ENABLE_OBJC_WEAK = YES;
				CLANG_WARN_BLOCK_CAPTURE_AUTORELEASING = YES;
				CLANG_WARN_BOOL_CONVERSION = YES;
				CLANG_WARN_COMMA = YES;
				CLANG_WARN_CONSTANT_CONVERSION = YES;
				CLANG_WARN_DEPRECATED_OBJC_IMPLEMENTATIONS = YES;
				CLANG_WARN_DIRECT_OBJC_ISA_USAGE = YES_ERROR;
				CLANG_WARN_DOCUMENTATION_COMMENTS = YES;
				CLANG_WARN_EMPTY_BODY = YES;
				CLANG_WARN_ENUM_CONVERSION = YES;
				CLANG_WARN_INFINITE_RECURSION = YES;
				CLANG_WARN_INT_CONVERSION = YES;
				CLANG_WARN_NON_LITERAL_NULL_CONVERSION = YES;
				CLANG_WARN_OBJC_IMPLICIT_RETAIN_SELF = YES;
				CLANG_WARN_OBJC_LITERAL_CONVERSION = YES;
				CLANG_WARN_OBJC_ROOT_CLASS = YES_ERROR;
				CLANG_WARN_QUOTED_INCLUDE_IN_FRAMEWORK_HEADER = YES;
				CLANG_WARN_RANGE_LOOP_ANALYSIS = YES;
				CLANG_WARN_STRICT_PROTOTYPES = YES;
				CLANG_WARN_SUSPICIOUS_MOVE = YES;
				CLANG_WARN_UNGUARDED_AVAILABILITY = YES_AGGRESSIVE;
				CLANG_WARN_UNREACHABLE_CODE = YES;
				CLANG_WARN__DUPLICATE_METHOD_MATCH = YES;
				COPY_PHASE_STRIP = NO;
				DEBUG_INFORMATION_FORMAT = "dwarf-with-dsym";
				ENABLE_NS_ASSERTIONS = NO;
				ENABLE_STRICT_OBJC_MSGSEND = YES;
				ENABLE_USER_SCRIPT_SANDBOXING = YES;
				GCC_C_LANGUAGE_STANDARD = gnu17;
				GCC_NO_COMMON_BLOCKS = YES;
				GCC_WARN_64_TO_32_BIT_CONVERSION = YES;
				GCC_WARN_ABOUT_RETURN_TYPE = YES_ERROR;
				GCC_WARN_UNDECLARED_SELECTOR = YES;
				GCC_WARN_UNINITIALIZED_AUTOS = YES_AGGRESSIVE;
				GCC_WARN_UNUSED_FUNCTION = YES;
				GCC_WARN_UNUSED_VARIABLE = YES;
				IPHONEOS_DEPLOYMENT_TARGET = 17.2;
				LOCALIZATION_PREFERS_STRING_CATALOGS = YES;
				MTL_ENABLE_DEBUG_INFO = NO;
				MTL_FAST_MATH = YES;
				SDKROOT = iphoneos;
				SWIFT_COMPILATION_MODE = wholemodule;
				VALIDATE_PRODUCT = YES;
			};
			name = Release;
		};
		18EA65832B70CC7300806CAD /* Debug */ = {
			isa = XCBuildConfiguration;
			buildSettings = {
				ASSETCATALOG_COMPILER_APPICON_NAME = AppIcon;
				ASSETCATALOG_COMPILER_GLOBAL_ACCENT_COLOR_NAME = AccentColor;
				CODE_SIGN_STYLE = Automatic;
				CURRENT_PROJECT_VERSION = 1;
				DEVELOPMENT_ASSET_PATHS = "\"Moonshoot-ios17/Preview Content\"";
				DEVELOPMENT_TEAM = VAW596AAWY;
				ENABLE_PREVIEWS = YES;
				GENERATE_INFOPLIST_FILE = YES;
				INFOPLIST_KEY_UIApplicationSceneManifest_Generation = YES;
				INFOPLIST_KEY_UIApplicationSupportsIndirectInputEvents = YES;
				INFOPLIST_KEY_UILaunchScreen_Generation = YES;
				INFOPLIST_KEY_UISupportedInterfaceOrientations_iPad = "UIInterfaceOrientationPortrait UIInterfaceOrientationPortraitUpsideDown UIInterfaceOrientationLandscapeLeft UIInterfaceOrientationLandscapeRight";
				INFOPLIST_KEY_UISupportedInterfaceOrientations_iPhone = "UIInterfaceOrientationPortrait UIInterfaceOrientationLandscapeLeft UIInterfaceOrientationLandscapeRight";
				LD_RUNPATH_SEARCH_PATHS = (
					"$(inherited)",
					"@executable_path/Frameworks",
				);
				MARKETING_VERSION = 1.0;
				PRODUCT_BUNDLE_IDENTIFIER = "com.alin-radu.Moonshoot-ios17.Moonshoot-ios17";
				PRODUCT_NAME = "$(TARGET_NAME)";
				SWIFT_EMIT_LOC_STRINGS = YES;
				SWIFT_VERSION = 5.0;
				TARGETED_DEVICE_FAMILY = "1,2";
			};
			name = Debug;
		};
		18EA65842B70CC7300806CAD /* Release */ = {
			isa = XCBuildConfiguration;
			buildSettings = {
				ASSETCATALOG_COMPILER_APPICON_NAME = AppIcon;
				ASSETCATALOG_COMPILER_GLOBAL_ACCENT_COLOR_NAME = AccentColor;
				CODE_SIGN_STYLE = Automatic;
				CURRENT_PROJECT_VERSION = 1;
				DEVELOPMENT_ASSET_PATHS = "\"Moonshoot-ios17/Preview Content\"";
				DEVELOPMENT_TEAM = VAW596AAWY;
				ENABLE_PREVIEWS = YES;
				GENERATE_INFOPLIST_FILE = YES;
				INFOPLIST_KEY_UIApplicationSceneManifest_Generation = YES;
				INFOPLIST_KEY_UIApplicationSupportsIndirectInputEvents = YES;
				INFOPLIST_KEY_UILaunchScreen_Generation = YES;
				INFOPLIST_KEY_UISupportedInterfaceOrientations_iPad = "UIInterfaceOrientationPortrait UIInterfaceOrientationPortraitUpsideDown UIInterfaceOrientationLandscapeLeft UIInterfaceOrientationLandscapeRight";
				INFOPLIST_KEY_UISupportedInterfaceOrientations_iPhone = "UIInterfaceOrientationPortrait UIInterfaceOrientationLandscapeLeft UIInterfaceOrientationLandscapeRight";
				LD_RUNPATH_SEARCH_PATHS = (
					"$(inherited)",
					"@executable_path/Frameworks",
				);
				MARKETING_VERSION = 1.0;
				PRODUCT_BUNDLE_IDENTIFIER = "com.alin-radu.Moonshoot-ios17.Moonshoot-ios17";
				PRODUCT_NAME = "$(TARGET_NAME)";
				SWIFT_EMIT_LOC_STRINGS = YES;
				SWIFT_VERSION = 5.0;
				TARGETED_DEVICE_FAMILY = "1,2";
			};
			name = Release;
		};
/* End XCBuildConfiguration section */

/* Begin XCConfigurationList section */
		18EA656F2B70CC7200806CAD /* Build configuration list for PBXProject "Moonshoot-ios17" */ = {
			isa = XCConfigurationList;
			buildConfigurations = (
				18EA65802B70CC7300806CAD /* Debug */,
				18EA65812B70CC7300806CAD /* Release */,
			);
			defaultConfigurationIsVisible = 0;
			defaultConfigurationName = Release;
		};
		18EA65822B70CC7300806CAD /* Build configuration list for PBXNativeTarget "Moonshoot-ios17" */ = {
			isa = XCConfigurationList;
			buildConfigurations = (
				18EA65832B70CC7300806CAD /* Debug */,
				18EA65842B70CC7300806CAD /* Release */,
			);
			defaultConfigurationIsVisible = 0;
			defaultConfigurationName = Release;
		};
/* End XCConfigurationList section */
	};
	rootObject = 18EA656C2B70CC7200806CAD /* Project object */;
}
